github.com/golangci/golangci-lint v1.55.2 h1:yllEIsSJ7MtlDBwDJ9IMBkyEUz2fYE0b5B8IUgO1oP8=
github.com/golangci/golangci-lint v1.55.2/go.mod h1:H60CZ0fuqoTwlTvnbyjhpZPWp7KmsjwV2yupIMiMXbM=
golang.org/x/example/hello v0.0.0-20231013143937-1d6d2400d402 h1:DinvsIoyEHhvctIjuq3/KV9tzY9pyZoTpBsZPzumMMc=
golang.org/x/example/hello v0.0.0-20231013143937-1d6d2400d402/go.mod h1:UhUKOXx5fMcLZxwL20DUrWWBBoRYG9Jvc8FiwZhRHCI=
